// !$*UTF8*$!
{
	archiveVersion = 1;
	classes = {
	};
	objectVersion = 50;
	objects = {

/* Begin PBXBuildFile section */
		8D04F44E2087AC5E00078D63 /* OpenGL.framework in Frameworks */ = {isa = PBXBuildFile; fileRef = 8D04F44D2087AC5E00078D63 /* OpenGL.framework */; };
		8D04F4502087AC7600078D63 /* libGLEW.2.1.0.dylib in Frameworks */ = {isa = PBXBuildFile; fileRef = 8D04F44F2087AC7600078D63 /* libGLEW.2.1.0.dylib */; };
		8D7718F62092335900A2F39F /* VertexBuffer.h in Sources */ = {isa = PBXBuildFile; fileRef = 8D7718E62092335700A2F39F /* VertexBuffer.h */; };
		8D7718F72092335900A2F39F /* Texture.h in Sources */ = {isa = PBXBuildFile; fileRef = 8D7718E72092335700A2F39F /* Texture.h */; };
		8D7718F82092335900A2F39F /* VertexArray.cpp in Sources */ = {isa = PBXBuildFile; fileRef = 8D7718E82092335700A2F39F /* VertexArray.cpp */; };
		8D7718F92092335900A2F39F /* Window.cpp in Sources */ = {isa = PBXBuildFile; fileRef = 8D7718E92092335700A2F39F /* Window.cpp */; };
		8D7718FA2092335900A2F39F /* VertexBufferLayout.cpp in Sources */ = {isa = PBXBuildFile; fileRef = 8D7718EA2092335700A2F39F /* VertexBufferLayout.cpp */; };
		8D7718FB2092335900A2F39F /* Renderer.h in Sources */ = {isa = PBXBuildFile; fileRef = 8D7718EB2092335700A2F39F /* Renderer.h */; };
		8D7718FC2092335900A2F39F /* VertexBufferLayout.h in Sources */ = {isa = PBXBuildFile; fileRef = 8D7718EC2092335700A2F39F /* VertexBufferLayout.h */; };
		8D7718FD2092335900A2F39F /* IndexBuffer.cpp in Sources */ = {isa = PBXBuildFile; fileRef = 8D7718ED2092335800A2F39F /* IndexBuffer.cpp */; };
		8D7718FE2092335900A2F39F /* Renderer.cpp in Sources */ = {isa = PBXBuildFile; fileRef = 8D7718EE2092335800A2F39F /* Renderer.cpp */; };
		8D7718FF2092335900A2F39F /* Shader.cpp in Sources */ = {isa = PBXBuildFile; fileRef = 8D7718EF2092335800A2F39F /* Shader.cpp */; };
		8D7719002092335900A2F39F /* IndexBuffer.h in Sources */ = {isa = PBXBuildFile; fileRef = 8D7718F02092335800A2F39F /* IndexBuffer.h */; };
		8D7719012092335900A2F39F /* Shader.h in Sources */ = {isa = PBXBuildFile; fileRef = 8D7718F12092335800A2F39F /* Shader.h */; };
		8D7719022092335900A2F39F /* VertexArray.h in Sources */ = {isa = PBXBuildFile; fileRef = 8D7718F22092335800A2F39F /* VertexArray.h */; };
		8D7719032092335900A2F39F /* VertexBuffer.cpp in Sources */ = {isa = PBXBuildFile; fileRef = 8D7718F32092335800A2F39F /* VertexBuffer.cpp */; };
		8D7719042092335900A2F39F /* Window.h in Sources */ = {isa = PBXBuildFile; fileRef = 8D7718F42092335800A2F39F /* Window.h */; };
		8D7719052092335900A2F39F /* Texture.cpp in Sources */ = {isa = PBXBuildFile; fileRef = 8D7718F52092335900A2F39F /* Texture.cpp */; };
		8D7719112092337300A2F39F /* Mesh.h in Sources */ = {isa = PBXBuildFile; fileRef = 8D7719062092337100A2F39F /* Mesh.h */; };
		8D7719122092337300A2F39F /* Mesh.cpp in Sources */ = {isa = PBXBuildFile; fileRef = 8D7719072092337100A2F39F /* Mesh.cpp */; };
		8D7719132092337300A2F39F /* Camera.h in Sources */ = {isa = PBXBuildFile; fileRef = 8D7719082092337100A2F39F /* Camera.h */; };
		8D7719142092337300A2F39F /* Common.h in Sources */ = {isa = PBXBuildFile; fileRef = 8D7719092092337200A2F39F /* Common.h */; };
		8D7719152092337300A2F39F /* Model.cpp in Sources */ = {isa = PBXBuildFile; fileRef = 8D77190A2092337200A2F39F /* Model.cpp */; };
		8D7719162092337300A2F39F /* Model.h in Sources */ = {isa = PBXBuildFile; fileRef = 8D77190B2092337200A2F39F /* Model.h */; };
		8D7719172092337300A2F39F /* Camera.cpp in Sources */ = {isa = PBXBuildFile; fileRef = 8D77190C2092337200A2F39F /* Camera.cpp */; };
		8D7719182092337300A2F39F /* MOS_glm.h in Sources */ = {isa = PBXBuildFile; fileRef = 8D77190D2092337200A2F39F /* MOS_glm.h */; };
		8D7719192092337300A2F39F /* MOS_stb_image.h in Sources */ = {isa = PBXBuildFile; fileRef = 8D77190E2092337200A2F39F /* MOS_stb_image.h */; };
		8D77191A2092337300A2F39F /* Header.h in Sources */ = {isa = PBXBuildFile; fileRef = 8D77190F2092337200A2F39F /* Header.h */; };
		8D77191B2092337300A2F39F /* Geometry.h in Sources */ = {isa = PBXBuildFile; fileRef = 8D7719102092337300A2F39F /* Geometry.h */; };
		8D77191E2092338500A2F39F /* stb_image.cpp in Sources */ = {isa = PBXBuildFile; fileRef = 8D77191C2092338500A2F39F /* stb_image.cpp */; };
		8D77191F2092338500A2F39F /* stb_image.h in Sources */ = {isa = PBXBuildFile; fileRef = 8D77191D2092338500A2F39F /* stb_image.h */; };
		8D77192320923C2200A2F39F /* libassimp.4.1.0.dylib in Frameworks */ = {isa = PBXBuildFile; fileRef = 8D77192220923C2200A2F39F /* libassimp.4.1.0.dylib */; };
		8D77192520923CE800A2F39F /* test12_z_test.cpp in Sources */ = {isa = PBXBuildFile; fileRef = 8D77192420923CE800A2F39F /* test12_z_test.cpp */; };
		8DCA1C72208AE7EC009F737A /* libglfw.3.3.dylib in Frameworks */ = {isa = PBXBuildFile; fileRef = 8DCA1C71208AE7EC009F737A /* libglfw.3.3.dylib */; };
/* End PBXBuildFile section */

/* Begin PBXCopyFilesBuildPhase section */
		8D04F43E2087AB8D00078D63 /* CopyFiles */ = {
			isa = PBXCopyFilesBuildPhase;
			buildActionMask = 2147483647;
			dstPath = /usr/share/man/man1/;
			dstSubfolderSpec = 0;
			files = (
			);
			runOnlyForDeploymentPostprocessing = 1;
		};
/* End PBXCopyFilesBuildPhase section */

/* Begin PBXFileReference section */
		8D04F4402087AB8D00078D63 /* OpenGL_study */ = {isa = PBXFileReference; explicitFileType = "compiled.mach-o.executable"; includeInIndex = 0; path = OpenGL_study; sourceTree = BUILT_PRODUCTS_DIR; };
		8D04F44A2087AC0D00078D63 /* src */ = {isa = PBXFileReference; lastKnownFileType = folder; path = src; sourceTree = "<group>"; };
		8D04F44B2087AC0D00078D63 /* res */ = {isa = PBXFileReference; lastKnownFileType = folder; path = res; sourceTree = "<group>"; };
		8D04F44D2087AC5E00078D63 /* OpenGL.framework */ = {isa = PBXFileReference; lastKnownFileType = wrapper.framework; name = OpenGL.framework; path = System/Library/Frameworks/OpenGL.framework; sourceTree = SDKROOT; };
		8D04F44F2087AC7600078D63 /* libGLEW.2.1.0.dylib */ = {isa = PBXFileReference; lastKnownFileType = "compiled.mach-o.dylib"; name = libGLEW.2.1.0.dylib; path = ../../../../usr/local/Cellar/glew/2.1.0/lib/libGLEW.2.1.0.dylib; sourceTree = "<group>"; };
		8D04F4512087AC8A00078D63 /* libglfw.3.2.dylib */ = {isa = PBXFileReference; lastKnownFileType = "compiled.mach-o.dylib"; name = libglfw.3.2.dylib; path = ../../../../usr/local/Cellar/glfw/3.2.1/lib/libglfw.3.2.dylib; sourceTree = "<group>"; };
		8D7718E62092335700A2F39F /* VertexBuffer.h */ = {isa = PBXFileReference; lastKnownFileType = sourcecode.c.h; name = VertexBuffer.h; path = OpenGL_study/src/_opengl/VertexBuffer.h; sourceTree = "<group>"; };
		8D7718E72092335700A2F39F /* Texture.h */ = {isa = PBXFileReference; lastKnownFileType = sourcecode.c.h; name = Texture.h; path = OpenGL_study/src/_opengl/Texture.h; sourceTree = "<group>"; };
		8D7718E82092335700A2F39F /* VertexArray.cpp */ = {isa = PBXFileReference; lastKnownFileType = sourcecode.cpp.cpp; name = VertexArray.cpp; path = OpenGL_study/src/_opengl/VertexArray.cpp; sourceTree = "<group>"; };
		8D7718E92092335700A2F39F /* Window.cpp */ = {isa = PBXFileReference; lastKnownFileType = sourcecode.cpp.cpp; name = Window.cpp; path = OpenGL_study/src/_opengl/Window.cpp; sourceTree = "<group>"; };
		8D7718EA2092335700A2F39F /* VertexBufferLayout.cpp */ = {isa = PBXFileReference; lastKnownFileType = sourcecode.cpp.cpp; name = VertexBufferLayout.cpp; path = OpenGL_study/src/_opengl/VertexBufferLayout.cpp; sourceTree = "<group>"; };
		8D7718EB2092335700A2F39F /* Renderer.h */ = {isa = PBXFileReference; lastKnownFileType = sourcecode.c.h; name = Renderer.h; path = OpenGL_study/src/_opengl/Renderer.h; sourceTree = "<group>"; };
		8D7718EC2092335700A2F39F /* VertexBufferLayout.h */ = {isa = PBXFileReference; lastKnownFileType = sourcecode.c.h; name = VertexBufferLayout.h; path = OpenGL_study/src/_opengl/VertexBufferLayout.h; sourceTree = "<group>"; };
		8D7718ED2092335800A2F39F /* IndexBuffer.cpp */ = {isa = PBXFileReference; lastKnownFileType = sourcecode.cpp.cpp; name = IndexBuffer.cpp; path = OpenGL_study/src/_opengl/IndexBuffer.cpp; sourceTree = "<group>"; };
		8D7718EE2092335800A2F39F /* Renderer.cpp */ = {isa = PBXFileReference; lastKnownFileType = sourcecode.cpp.cpp; name = Renderer.cpp; path = OpenGL_study/src/_opengl/Renderer.cpp; sourceTree = "<group>"; };
		8D7718EF2092335800A2F39F /* Shader.cpp */ = {isa = PBXFileReference; lastKnownFileType = sourcecode.cpp.cpp; name = Shader.cpp; path = OpenGL_study/src/_opengl/Shader.cpp; sourceTree = "<group>"; };
		8D7718F02092335800A2F39F /* IndexBuffer.h */ = {isa = PBXFileReference; lastKnownFileType = sourcecode.c.h; name = IndexBuffer.h; path = OpenGL_study/src/_opengl/IndexBuffer.h; sourceTree = "<group>"; };
		8D7718F12092335800A2F39F /* Shader.h */ = {isa = PBXFileReference; lastKnownFileType = sourcecode.c.h; name = Shader.h; path = OpenGL_study/src/_opengl/Shader.h; sourceTree = "<group>"; };
		8D7718F22092335800A2F39F /* VertexArray.h */ = {isa = PBXFileReference; lastKnownFileType = sourcecode.c.h; name = VertexArray.h; path = OpenGL_study/src/_opengl/VertexArray.h; sourceTree = "<group>"; };
		8D7718F32092335800A2F39F /* VertexBuffer.cpp */ = {isa = PBXFileReference; lastKnownFileType = sourcecode.cpp.cpp; name = VertexBuffer.cpp; path = OpenGL_study/src/_opengl/VertexBuffer.cpp; sourceTree = "<group>"; };
		8D7718F42092335800A2F39F /* Window.h */ = {isa = PBXFileReference; lastKnownFileType = sourcecode.c.h; name = Window.h; path = OpenGL_study/src/_opengl/Window.h; sourceTree = "<group>"; };
		8D7718F52092335900A2F39F /* Texture.cpp */ = {isa = PBXFileReference; lastKnownFileType = sourcecode.cpp.cpp; name = Texture.cpp; path = OpenGL_study/src/_opengl/Texture.cpp; sourceTree = "<group>"; };
		8D7719062092337100A2F39F /* Mesh.h */ = {isa = PBXFileReference; lastKnownFileType = sourcecode.c.h; name = Mesh.h; path = OpenGL_study/src/Mesh.h; sourceTree = "<group>"; };
		8D7719072092337100A2F39F /* Mesh.cpp */ = {isa = PBXFileReference; lastKnownFileType = sourcecode.cpp.cpp; name = Mesh.cpp; path = OpenGL_study/src/Mesh.cpp; sourceTree = "<group>"; };
		8D7719082092337100A2F39F /* Camera.h */ = {isa = PBXFileReference; lastKnownFileType = sourcecode.c.h; name = Camera.h; path = OpenGL_study/src/Camera.h; sourceTree = "<group>"; };
		8D7719092092337200A2F39F /* Common.h */ = {isa = PBXFileReference; lastKnownFileType = sourcecode.c.h; name = Common.h; path = OpenGL_study/src/Common.h; sourceTree = "<group>"; };
		8D77190A2092337200A2F39F /* Model.cpp */ = {isa = PBXFileReference; lastKnownFileType = sourcecode.cpp.cpp; name = Model.cpp; path = OpenGL_study/src/Model.cpp; sourceTree = "<group>"; };
		8D77190B2092337200A2F39F /* Model.h */ = {isa = PBXFileReference; lastKnownFileType = sourcecode.c.h; name = Model.h; path = OpenGL_study/src/Model.h; sourceTree = "<group>"; };
		8D77190C2092337200A2F39F /* Camera.cpp */ = {isa = PBXFileReference; lastKnownFileType = sourcecode.cpp.cpp; name = Camera.cpp; path = OpenGL_study/src/Camera.cpp; sourceTree = "<group>"; };
		8D77190D2092337200A2F39F /* MOS_glm.h */ = {isa = PBXFileReference; lastKnownFileType = sourcecode.c.h; name = MOS_glm.h; path = OpenGL_study/src/MOS_glm.h; sourceTree = "<group>"; };
		8D77190E2092337200A2F39F /* MOS_stb_image.h */ = {isa = PBXFileReference; lastKnownFileType = sourcecode.c.h; name = MOS_stb_image.h; path = OpenGL_study/src/MOS_stb_image.h; sourceTree = "<group>"; };
		8D77190F2092337200A2F39F /* Header.h */ = {isa = PBXFileReference; lastKnownFileType = sourcecode.c.h; name = Header.h; path = OpenGL_study/src/Header.h; sourceTree = "<group>"; };
		8D7719102092337300A2F39F /* Geometry.h */ = {isa = PBXFileReference; lastKnownFileType = sourcecode.c.h; name = Geometry.h; path = OpenGL_study/src/Geometry.h; sourceTree = "<group>"; };
		8D77191C2092338500A2F39F /* stb_image.cpp */ = {isa = PBXFileReference; lastKnownFileType = sourcecode.cpp.cpp; name = stb_image.cpp; path = OpenGL_study/src/libs/stb/stb_image.cpp; sourceTree = "<group>"; };
		8D77191D2092338500A2F39F /* stb_image.h */ = {isa = PBXFileReference; lastKnownFileType = sourcecode.c.h; name = stb_image.h; path = OpenGL_study/src/libs/stb/stb_image.h; sourceTree = "<group>"; };
		8D7719202092339700A2F39F /* test10_multi_light.cpp */ = {isa = PBXFileReference; lastKnownFileType = sourcecode.cpp.cpp; name = test10_multi_light.cpp; path = OpenGL_study/src/test/test10/test10_multi_light.cpp; sourceTree = "<group>"; };
		8D77192220923C2200A2F39F /* libassimp.4.1.0.dylib */ = {isa = PBXFileReference; lastKnownFileType = "compiled.mach-o.dylib"; name = libassimp.4.1.0.dylib; path = Dependencies/ASSIMP/libs/libassimp.4.1.0.dylib; sourceTree = "<group>"; };
		8D77192420923CE800A2F39F /* test12_z_test.cpp */ = {isa = PBXFileReference; lastKnownFileType = sourcecode.cpp.cpp; name = test12_z_test.cpp; path = OpenGL_study/src/test/test12/test12_z_test.cpp; sourceTree = "<group>"; };
		8DCA1C6F208AE78E009F737A /* libglfw3.a */ = {isa = PBXFileReference; lastKnownFileType = archive.ar; name = libglfw3.a; path = ../../../../usr/local/lib/libglfw3.a; sourceTree = "<group>"; };
		8DCA1C71208AE7EC009F737A /* libglfw.3.3.dylib */ = {isa = PBXFileReference; lastKnownFileType = "compiled.mach-o.dylib"; name = libglfw.3.3.dylib; path = ../../../../usr/local/lib/libglfw.3.3.dylib; sourceTree = "<group>"; };
/* End PBXFileReference section */

/* Begin PBXFrameworksBuildPhase section */
		8D04F43D2087AB8D00078D63 /* Frameworks */ = {
			isa = PBXFrameworksBuildPhase;
			buildActionMask = 2147483647;
			files = (
				8D77192320923C2200A2F39F /* libassimp.4.1.0.dylib in Frameworks */,
				8DCA1C72208AE7EC009F737A /* libglfw.3.3.dylib in Frameworks */,
				8D04F4502087AC7600078D63 /* libGLEW.2.1.0.dylib in Frameworks */,
				8D04F44E2087AC5E00078D63 /* OpenGL.framework in Frameworks */,
			);
			runOnlyForDeploymentPostprocessing = 0;
		};
/* End PBXFrameworksBuildPhase section */

/* Begin PBXGroup section */
		8D04F4372087AB8D00078D63 = {
			isa = PBXGroup;
			children = (
				8D77192420923CE800A2F39F /* test12_z_test.cpp */,
				8D7719202092339700A2F39F /* test10_multi_light.cpp */,
				8D77191C2092338500A2F39F /* stb_image.cpp */,
				8D77191D2092338500A2F39F /* stb_image.h */,
				8D77190C2092337200A2F39F /* Camera.cpp */,
				8D7719082092337100A2F39F /* Camera.h */,
				8D7719092092337200A2F39F /* Common.h */,
				8D7719102092337300A2F39F /* Geometry.h */,
				8D77190F2092337200A2F39F /* Header.h */,
				8D7719072092337100A2F39F /* Mesh.cpp */,
				8D7719062092337100A2F39F /* Mesh.h */,
				8D77190A2092337200A2F39F /* Model.cpp */,
				8D77190B2092337200A2F39F /* Model.h */,
				8D77190D2092337200A2F39F /* MOS_glm.h */,
				8D77190E2092337200A2F39F /* MOS_stb_image.h */,
				8D7718ED2092335800A2F39F /* IndexBuffer.cpp */,
				8D7718F02092335800A2F39F /* IndexBuffer.h */,
				8D7718EE2092335800A2F39F /* Renderer.cpp */,
				8D7718EB2092335700A2F39F /* Renderer.h */,
				8D7718EF2092335800A2F39F /* Shader.cpp */,
				8D7718F12092335800A2F39F /* Shader.h */,
				8D7718F52092335900A2F39F /* Texture.cpp */,
				8D7718E72092335700A2F39F /* Texture.h */,
				8D7718E82092335700A2F39F /* VertexArray.cpp */,
				8D7718F22092335800A2F39F /* VertexArray.h */,
				8D7718F32092335800A2F39F /* VertexBuffer.cpp */,
				8D7718E62092335700A2F39F /* VertexBuffer.h */,
				8D7718EA2092335700A2F39F /* VertexBufferLayout.cpp */,
				8D7718EC2092335700A2F39F /* VertexBufferLayout.h */,
				8D7718E92092335700A2F39F /* Window.cpp */,
				8D7718F42092335800A2F39F /* Window.h */,
				8D04F4422087AB8D00078D63 /* OpenGL_study */,
				8D04F4412087AB8D00078D63 /* Products */,
				8D04F44C2087AC5E00078D63 /* Frameworks */,
			);
			sourceTree = "<group>";
		};
		8D04F4412087AB8D00078D63 /* Products */ = {
			isa = PBXGroup;
			children = (
				8D04F4402087AB8D00078D63 /* OpenGL_study */,
			);
			name = Products;
			sourceTree = "<group>";
		};
		8D04F4422087AB8D00078D63 /* OpenGL_study */ = {
			isa = PBXGroup;
			children = (
				8D04F44B2087AC0D00078D63 /* res */,
				8D04F44A2087AC0D00078D63 /* src */,
			);
			path = OpenGL_study;
			sourceTree = "<group>";
		};
		8D04F44C2087AC5E00078D63 /* Frameworks */ = {
			isa = PBXGroup;
			children = (
				8D77192220923C2200A2F39F /* libassimp.4.1.0.dylib */,
				8DCA1C71208AE7EC009F737A /* libglfw.3.3.dylib */,
				8DCA1C6F208AE78E009F737A /* libglfw3.a */,
				8D04F4512087AC8A00078D63 /* libglfw.3.2.dylib */,
				8D04F44F2087AC7600078D63 /* libGLEW.2.1.0.dylib */,
				8D04F44D2087AC5E00078D63 /* OpenGL.framework */,
			);
			name = Frameworks;
			sourceTree = "<group>";
		};
/* End PBXGroup section */

/* Begin PBXNativeTarget section */
		8D04F43F2087AB8D00078D63 /* OpenGL_study */ = {
			isa = PBXNativeTarget;
			buildConfigurationList = 8D04F4472087AB8D00078D63 /* Build configuration list for PBXNativeTarget "OpenGL_study" */;
			buildPhases = (
				8D04F43C2087AB8D00078D63 /* Sources */,
				8D04F43D2087AB8D00078D63 /* Frameworks */,
				8D04F43E2087AB8D00078D63 /* CopyFiles */,
			);
			buildRules = (
			);
			dependencies = (
			);
			name = OpenGL_study;
			productName = OpenGL_study;
			productReference = 8D04F4402087AB8D00078D63 /* OpenGL_study */;
			productType = "com.apple.product-type.tool";
		};
/* End PBXNativeTarget section */

/* Begin PBXProject section */
		8D04F4382087AB8D00078D63 /* Project object */ = {
			isa = PBXProject;
			attributes = {
				LastUpgradeCheck = 0930;
				ORGANIZATIONNAME = cy;
				TargetAttributes = {
					8D04F43F2087AB8D00078D63 = {
						CreatedOnToolsVersion = 9.3;
					};
				};
			};
			buildConfigurationList = 8D04F43B2087AB8D00078D63 /* Build configuration list for PBXProject "OpenGL_study" */;
			compatibilityVersion = "Xcode 9.3";
			developmentRegion = en;
			hasScannedForEncodings = 0;
			knownRegions = (
				en,
			);
			mainGroup = 8D04F4372087AB8D00078D63;
			productRefGroup = 8D04F4412087AB8D00078D63 /* Products */;
			projectDirPath = "";
			projectRoot = "";
			targets = (
				8D04F43F2087AB8D00078D63 /* OpenGL_study */,
			);
		};
/* End PBXProject section */

/* Begin PBXSourcesBuildPhase section */
		8D04F43C2087AB8D00078D63 /* Sources */ = {
			isa = PBXSourcesBuildPhase;
			buildActionMask = 2147483647;
			files = (
				8D77192520923CE800A2F39F /* test12_z_test.cpp in Sources */,
				8D77191E2092338500A2F39F /* stb_image.cpp in Sources */,
				8D77191F2092338500A2F39F /* stb_image.h in Sources */,
				8D7719112092337300A2F39F /* Mesh.h in Sources */,
				8D7719122092337300A2F39F /* Mesh.cpp in Sources */,
				8D7719132092337300A2F39F /* Camera.h in Sources */,
				8D7719142092337300A2F39F /* Common.h in Sources */,
				8D7719152092337300A2F39F /* Model.cpp in Sources */,
				8D7719162092337300A2F39F /* Model.h in Sources */,
				8D7719172092337300A2F39F /* Camera.cpp in Sources */,
				8D7719182092337300A2F39F /* MOS_glm.h in Sources */,
				8D7719192092337300A2F39F /* MOS_stb_image.h in Sources */,
				8D77191A2092337300A2F39F /* Header.h in Sources */,
				8D77191B2092337300A2F39F /* Geometry.h in Sources */,
				8D7718F62092335900A2F39F /* VertexBuffer.h in Sources */,
				8D7718F72092335900A2F39F /* Texture.h in Sources */,
				8D7718F82092335900A2F39F /* VertexArray.cpp in Sources */,
				8D7718F92092335900A2F39F /* Window.cpp in Sources */,
				8D7718FA2092335900A2F39F /* VertexBufferLayout.cpp in Sources */,
				8D7718FB2092335900A2F39F /* Renderer.h in Sources */,
				8D7718FC2092335900A2F39F /* VertexBufferLayout.h in Sources */,
				8D7718FD2092335900A2F39F /* IndexBuffer.cpp in Sources */,
				8D7718FE2092335900A2F39F /* Renderer.cpp in Sources */,
				8D7718FF2092335900A2F39F /* Shader.cpp in Sources */,
				8D7719002092335900A2F39F /* IndexBuffer.h in Sources */,
				8D7719012092335900A2F39F /* Shader.h in Sources */,
				8D7719022092335900A2F39F /* VertexArray.h in Sources */,
				8D7719032092335900A2F39F /* VertexBuffer.cpp in Sources */,
				8D7719042092335900A2F39F /* Window.h in Sources */,
				8D7719052092335900A2F39F /* Texture.cpp in Sources */,
			);
			runOnlyForDeploymentPostprocessing = 0;
		};
/* End PBXSourcesBuildPhase section */

/* Begin XCBuildConfiguration section */
		8D04F4452087AB8D00078D63 /* Debug */ = {
			isa = XCBuildConfiguration;
			buildSettings = {
				ALWAYS_SEARCH_USER_PATHS = NO;
				CLANG_ANALYZER_NONNULL = YES;
				CLANG_ANALYZER_NUMBER_OBJECT_CONVERSION = YES_AGGRESSIVE;
				CLANG_CXX_LANGUAGE_STANDARD = "gnu++14";
				CLANG_CXX_LIBRARY = "libc++";
				CLANG_ENABLE_MODULES = YES;
				CLANG_ENABLE_OBJC_ARC = YES;
				CLANG_ENABLE_OBJC_WEAK = YES;
				CLANG_WARN_BLOCK_CAPTURE_AUTORELEASING = YES;
				CLANG_WARN_BOOL_CONVERSION = YES;
				CLANG_WARN_COMMA = YES;
				CLANG_WARN_CONSTANT_CONVERSION = YES;
				CLANG_WARN_DEPRECATED_OBJC_IMPLEMENTATIONS = YES;
				CLANG_WARN_DIRECT_OBJC_ISA_USAGE = YES_ERROR;
				CLANG_WARN_DOCUMENTATION_COMMENTS = YES;
				CLANG_WARN_EMPTY_BODY = YES;
				CLANG_WARN_ENUM_CONVERSION = YES;
				CLANG_WARN_INFINITE_RECURSION = YES;
				CLANG_WARN_INT_CONVERSION = YES;
				CLANG_WARN_NON_LITERAL_NULL_CONVERSION = YES;
				CLANG_WARN_OBJC_IMPLICIT_RETAIN_SELF = YES;
				CLANG_WARN_OBJC_LITERAL_CONVERSION = YES;
				CLANG_WARN_OBJC_ROOT_CLASS = YES_ERROR;
				CLANG_WARN_RANGE_LOOP_ANALYSIS = YES;
				CLANG_WARN_STRICT_PROTOTYPES = YES;
				CLANG_WARN_SUSPICIOUS_MOVE = YES;
				CLANG_WARN_UNGUARDED_AVAILABILITY = YES_AGGRESSIVE;
				CLANG_WARN_UNREACHABLE_CODE = YES;
				CLANG_WARN__DUPLICATE_METHOD_MATCH = YES;
				CODE_SIGN_IDENTITY = "-";
				COPY_PHASE_STRIP = NO;
				DEBUG_INFORMATION_FORMAT = dwarf;
				ENABLE_STRICT_OBJC_MSGSEND = YES;
				ENABLE_TESTABILITY = YES;
				GCC_C_LANGUAGE_STANDARD = gnu11;
				GCC_DYNAMIC_NO_PIC = NO;
				GCC_NO_COMMON_BLOCKS = YES;
				GCC_OPTIMIZATION_LEVEL = 0;
				GCC_PREPROCESSOR_DEFINITIONS = (
					"DEBUG=1",
					"$(inherited)",
				);
				GCC_WARN_64_TO_32_BIT_CONVERSION = YES;
				GCC_WARN_ABOUT_RETURN_TYPE = YES_ERROR;
				GCC_WARN_UNDECLARED_SELECTOR = YES;
				GCC_WARN_UNINITIALIZED_AUTOS = YES_AGGRESSIVE;
				GCC_WARN_UNUSED_FUNCTION = YES;
				GCC_WARN_UNUSED_VARIABLE = YES;
				MACOSX_DEPLOYMENT_TARGET = 10.13;
				MTL_ENABLE_DEBUG_INFO = YES;
				ONLY_ACTIVE_ARCH = YES;
				SDKROOT = macosx;
			};
			name = Debug;
		};
		8D04F4462087AB8D00078D63 /* Release */ = {
			isa = XCBuildConfiguration;
			buildSettings = {
				ALWAYS_SEARCH_USER_PATHS = NO;
				CLANG_ANALYZER_NONNULL = YES;
				CLANG_ANALYZER_NUMBER_OBJECT_CONVERSION = YES_AGGRESSIVE;
				CLANG_CXX_LANGUAGE_STANDARD = "gnu++14";
				CLANG_CXX_LIBRARY = "libc++";
				CLANG_ENABLE_MODULES = YES;
				CLANG_ENABLE_OBJC_ARC = YES;
				CLANG_ENABLE_OBJC_WEAK = YES;
				CLANG_WARN_BLOCK_CAPTURE_AUTORELEASING = YES;
				CLANG_WARN_BOOL_CONVERSION = YES;
				CLANG_WARN_COMMA = YES;
				CLANG_WARN_CONSTANT_CONVERSION = YES;
				CLANG_WARN_DEPRECATED_OBJC_IMPLEMENTATIONS = YES;
				CLANG_WARN_DIRECT_OBJC_ISA_USAGE = YES_ERROR;
				CLANG_WARN_DOCUMENTATION_COMMENTS = YES;
				CLANG_WARN_EMPTY_BODY = YES;
				CLANG_WARN_ENUM_CONVERSION = YES;
				CLANG_WARN_INFINITE_RECURSION = YES;
				CLANG_WARN_INT_CONVERSION = YES;
				CLANG_WARN_NON_LITERAL_NULL_CONVERSION = YES;
				CLANG_WARN_OBJC_IMPLICIT_RETAIN_SELF = YES;
				CLANG_WARN_OBJC_LITERAL_CONVERSION = YES;
				CLANG_WARN_OBJC_ROOT_CLASS = YES_ERROR;
				CLANG_WARN_RANGE_LOOP_ANALYSIS = YES;
				CLANG_WARN_STRICT_PROTOTYPES = YES;
				CLANG_WARN_SUSPICIOUS_MOVE = YES;
				CLANG_WARN_UNGUARDED_AVAILABILITY = YES_AGGRESSIVE;
				CLANG_WARN_UNREACHABLE_CODE = YES;
				CLANG_WARN__DUPLICATE_METHOD_MATCH = YES;
				CODE_SIGN_IDENTITY = "-";
				COPY_PHASE_STRIP = NO;
				DEBUG_INFORMATION_FORMAT = "dwarf-with-dsym";
				ENABLE_NS_ASSERTIONS = NO;
				ENABLE_STRICT_OBJC_MSGSEND = YES;
				GCC_C_LANGUAGE_STANDARD = gnu11;
				GCC_NO_COMMON_BLOCKS = YES;
				GCC_WARN_64_TO_32_BIT_CONVERSION = YES;
				GCC_WARN_ABOUT_RETURN_TYPE = YES_ERROR;
				GCC_WARN_UNDECLARED_SELECTOR = YES;
				GCC_WARN_UNINITIALIZED_AUTOS = YES_AGGRESSIVE;
				GCC_WARN_UNUSED_FUNCTION = YES;
				GCC_WARN_UNUSED_VARIABLE = YES;
				MACOSX_DEPLOYMENT_TARGET = 10.13;
				MTL_ENABLE_DEBUG_INFO = NO;
				SDKROOT = macosx;
			};
			name = Release;
		};
		8D04F4482087AB8D00078D63 /* Debug */ = {
			isa = XCBuildConfiguration;
			buildSettings = {
				CODE_SIGN_STYLE = Automatic;
				HEADER_SEARCH_PATHS = (
					"${glfw_header}",
					"$(glew_header)",
					"/Users/yangruihan/Workspace/OpenGL_study/src/libs/**",
					/Users/yangruihan/Workspace/OpenGL_study/Dependencies/ASSIMP/Include,
				);
				LIBRARY_SEARCH_PATHS = (
					"$(glew_lib)",
					"$(glfw_lib)",
					/Users/yangruihan/Workspace/OpenGL_study/Dependencies/ASSIMP/libs,
					"$(PROJECT_DIR)/Dependencies/ASSIMP/libs",
				);
				PRODUCT_NAME = "$(TARGET_NAME)";
			};
			name = Debug;
		};
		8D04F4492087AB8D00078D63 /* Release */ = {
			isa = XCBuildConfiguration;
			buildSettings = {
				CODE_SIGN_STYLE = Automatic;
				HEADER_SEARCH_PATHS = (
					"$(glew_header)",
					"$(glfw_header)",
					"/Users/yangruihan/Workspace/OpenGL_study/src/libs/**",
					/Users/yangruihan/Workspace/OpenGL_study/Dependencies/ASSIMP/Include,
				);
				LIBRARY_SEARCH_PATHS = (
					"$(glew_lib)",
					"$(glfw_lib)",
					/Users/yangruihan/Workspace/OpenGL_study/Dependencies/ASSIMP/libs,
					"$(PROJECT_DIR)/Dependencies/ASSIMP/libs",
				);
				PRODUCT_NAME = "$(TARGET_NAME)";
			};
			name = Release;
		};
/* End XCBuildConfiguration section */

/* Begin XCConfigurationList section */
		8D04F43B2087AB8D00078D63 /* Build configuration list for PBXProject "OpenGL_study" */ = {
			isa = XCConfigurationList;
			buildConfigurations = (
				8D04F4452087AB8D00078D63 /* Debug */,
				8D04F4462087AB8D00078D63 /* Release */,
			);
			defaultConfigurationIsVisible = 0;
			defaultConfigurationName = Release;
		};
		8D04F4472087AB8D00078D63 /* Build configuration list for PBXNativeTarget "OpenGL_study" */ = {
			isa = XCConfigurationList;
			buildConfigurations = (
				8D04F4482087AB8D00078D63 /* Debug */,
				8D04F4492087AB8D00078D63 /* Release */,
			);
			defaultConfigurationIsVisible = 0;
			defaultConfigurationName = Release;
		};
/* End XCConfigurationList section */
	};
	rootObject = 8D04F4382087AB8D00078D63 /* Project object */;
}
