<?xml version="1.0" encoding="utf-8"?>
<Project ToolsVersion="4.0" xmlns="http://schemas.microsoft.com/developer/msbuild/2003">
  <ItemGroup>
    <Filter Include="源文件">
      <UniqueIdentifier>{4FC737F1-C7A5-4376-A066-2A32D752A2FF}</UniqueIdentifier>
      <Extensions>cpp;c;cc;cxx;def;odl;idl;hpj;bat;asm;asmx</Extensions>
    </Filter>
    <Filter Include="头文件">
      <UniqueIdentifier>{93995380-89BD-4b04-88EB-625FBE52EBFB}</UniqueIdentifier>
      <Extensions>h;hh;hpp;hxx;hm;inl;inc;ipp;xsd</Extensions>
    </Filter>
    <Filter Include="资源文件">
      <UniqueIdentifier>{67DA6AB6-F800-4c08-8B7A-83BB121AAD01}</UniqueIdentifier>
      <Extensions>rc;ico;cur;bmp;dlg;rc2;rct;bin;rgs;gif;jpg;jpeg;jpe;resx;tiff;tif;png;wav;mfcribbon-ms</Extensions>
    </Filter>
  </ItemGroup>
  <ItemGroup>
    <ClCompile Include="src\Renderer.cpp">
      <Filter>源文件</Filter>
    </ClCompile>
    <ClCompile Include="src\VertexBuffer.cpp">
      <Filter>源文件</Filter>
    </ClCompile>
    <ClCompile Include="src\IndexBuffer.cpp">
      <Filter>源文件</Filter>
    </ClCompile>
    <ClCompile Include="src\VertexArray.cpp">
      <Filter>源文件</Filter>
    </ClCompile>
    <ClCompile Include="src\VertexBufferLayout.cpp">
      <Filter>源文件</Filter>
    </ClCompile>
    <ClCompile Include="src\Shader.cpp">
      <Filter>源文件</Filter>
    </ClCompile>
    <ClCompile Include="src\libs\stb\stb_image.cpp">
      <Filter>源文件</Filter>
    </ClCompile>
    <ClCompile Include="src\Texture.cpp">
      <Filter>源文件</Filter>
    </ClCompile>
    <ClCompile Include="src\libs\glm\detail\glm.cpp">
      <Filter>源文件</Filter>
    </ClCompile>
    <ClCompile Include="src\Window.cpp">
      <Filter>源文件</Filter>
    </ClCompile>
    <ClCompile Include="src\Camera.cpp">
      <Filter>源文件</Filter>
    </ClCompile>
    <ClCompile Include="src\Application.cpp">
      <Filter>源文件</Filter>
    </ClCompile>
  </ItemGroup>
  <ItemGroup>
    <ClInclude Include="src\Renderer.h">
      <Filter>头文件</Filter>
    </ClInclude>
    <ClInclude Include="src\VertexBuffer.h">
      <Filter>头文件</Filter>
    </ClInclude>
    <ClInclude Include="src\IndexBuffer.h">
      <Filter>头文件</Filter>
    </ClInclude>
    <ClInclude Include="src\VertexArray.h">
      <Filter>头文件</Filter>
    </ClInclude>
    <ClInclude Include="src\VertexBufferLayout.h">
      <Filter>头文件</Filter>
    </ClInclude>
    <ClInclude Include="src\Shader.h">
      <Filter>头文件</Filter>
    </ClInclude>
    <ClInclude Include="src\Common.h">
      <Filter>头文件</Filter>
    </ClInclude>
    <ClInclude Include="src\libs\stb\stb_image.h">
      <Filter>头文件</Filter>
    </ClInclude>
    <ClInclude Include="src\Texture.h">
      <Filter>头文件</Filter>
    </ClInclude>
    <ClInclude Include="src\libs\glm\detail\_features.hpp">
      <Filter>头文件</Filter>
    </ClInclude>
    <ClInclude Include="src\libs\glm\detail\_fixes.hpp">
      <Filter>头文件</Filter>
    </ClInclude>
    <ClInclude Include="src\libs\glm\detail\_noise.hpp">
      <Filter>头文件</Filter>
    </ClInclude>
    <ClInclude Include="src\libs\glm\detail\_swizzle.hpp">
      <Filter>头文件</Filter>
    </ClInclude>
    <ClInclude Include="src\libs\glm\detail\_swizzle_func.hpp">
      <Filter>头文件</Filter>
    </ClInclude>
    <ClInclude Include="src\libs\glm\detail\_vectorize.hpp">
      <Filter>头文件</Filter>
    </ClInclude>
    <ClInclude Include="src\libs\glm\detail\compute_vector_relational.hpp">
      <Filter>头文件</Filter>
    </ClInclude>
    <ClInclude Include="src\libs\glm\detail\qualifier.hpp">
      <Filter>头文件</Filter>
    </ClInclude>
    <ClInclude Include="src\libs\glm\detail\setup.hpp">
      <Filter>头文件</Filter>
    </ClInclude>
    <ClInclude Include="src\libs\glm\detail\type_float.hpp">
      <Filter>头文件</Filter>
    </ClInclude>
    <ClInclude Include="src\libs\glm\detail\type_gentype.hpp">
      <Filter>头文件</Filter>
    </ClInclude>
    <ClInclude Include="src\libs\glm\detail\type_half.hpp">
      <Filter>头文件</Filter>
    </ClInclude>
    <ClInclude Include="src\libs\glm\detail\type_int.hpp">
      <Filter>头文件</Filter>
    </ClInclude>
    <ClInclude Include="src\libs\glm\detail\type_mat.hpp">
      <Filter>头文件</Filter>
    </ClInclude>
    <ClInclude Include="src\libs\glm\detail\type_mat2x2.hpp">
      <Filter>头文件</Filter>
    </ClInclude>
    <ClInclude Include="src\libs\glm\detail\type_mat2x3.hpp">
      <Filter>头文件</Filter>
    </ClInclude>
    <ClInclude Include="src\libs\glm\detail\type_mat2x4.hpp">
      <Filter>头文件</Filter>
    </ClInclude>
    <ClInclude Include="src\libs\glm\detail\type_mat3x2.hpp">
      <Filter>头文件</Filter>
    </ClInclude>
    <ClInclude Include="src\libs\glm\detail\type_mat3x3.hpp">
      <Filter>头文件</Filter>
    </ClInclude>
    <ClInclude Include="src\libs\glm\detail\type_mat3x4.hpp">
      <Filter>头文件</Filter>
    </ClInclude>
    <ClInclude Include="src\libs\glm\detail\type_mat4x2.hpp">
      <Filter>头文件</Filter>
    </ClInclude>
    <ClInclude Include="src\libs\glm\detail\type_mat4x3.hpp">
      <Filter>头文件</Filter>
    </ClInclude>
    <ClInclude Include="src\libs\glm\detail\type_mat4x4.hpp">
      <Filter>头文件</Filter>
    </ClInclude>
    <ClInclude Include="src\libs\glm\detail\type_vec.hpp">
      <Filter>头文件</Filter>
    </ClInclude>
    <ClInclude Include="src\libs\glm\detail\type_vec1.hpp">
      <Filter>头文件</Filter>
    </ClInclude>
    <ClInclude Include="src\libs\glm\detail\type_vec2.hpp">
      <Filter>头文件</Filter>
    </ClInclude>
    <ClInclude Include="src\libs\glm\detail\type_vec3.hpp">
      <Filter>头文件</Filter>
    </ClInclude>
    <ClInclude Include="src\libs\glm\detail\type_vec4.hpp">
      <Filter>头文件</Filter>
    </ClInclude>
    <ClInclude Include="src\libs\glm\ext\vec1.hpp">
      <Filter>头文件</Filter>
    </ClInclude>
    <ClInclude Include="src\libs\glm\ext\vector_relational.hpp">
      <Filter>头文件</Filter>
    </ClInclude>
    <ClInclude Include="src\libs\glm\gtc\bitfield.hpp">
      <Filter>头文件</Filter>
    </ClInclude>
    <ClInclude Include="src\libs\glm\gtc\color_space.hpp">
      <Filter>头文件</Filter>
    </ClInclude>
    <ClInclude Include="src\libs\glm\gtc\constants.hpp">
      <Filter>头文件</Filter>
    </ClInclude>
    <ClInclude Include="src\libs\glm\gtc\epsilon.hpp">
      <Filter>头文件</Filter>
    </ClInclude>
    <ClInclude Include="src\libs\glm\gtc\integer.hpp">
      <Filter>头文件</Filter>
    </ClInclude>
    <ClInclude Include="src\libs\glm\gtc\matrix_access.hpp">
      <Filter>头文件</Filter>
    </ClInclude>
    <ClInclude Include="src\libs\glm\gtc\matrix_integer.hpp">
      <Filter>头文件</Filter>
    </ClInclude>
    <ClInclude Include="src\libs\glm\gtc\matrix_inverse.hpp">
      <Filter>头文件</Filter>
    </ClInclude>
    <ClInclude Include="src\libs\glm\gtc\matrix_transform.hpp">
      <Filter>头文件</Filter>
    </ClInclude>
    <ClInclude Include="src\libs\glm\gtc\noise.hpp">
      <Filter>头文件</Filter>
    </ClInclude>
    <ClInclude Include="src\libs\glm\gtc\packing.hpp">
      <Filter>头文件</Filter>
    </ClInclude>
    <ClInclude Include="src\libs\glm\gtc\quaternion.hpp">
      <Filter>头文件</Filter>
    </ClInclude>
    <ClInclude Include="src\libs\glm\gtc\random.hpp">
      <Filter>头文件</Filter>
    </ClInclude>
    <ClInclude Include="src\libs\glm\gtc\reciprocal.hpp">
      <Filter>头文件</Filter>
    </ClInclude>
    <ClInclude Include="src\libs\glm\gtc\round.hpp">
      <Filter>头文件</Filter>
    </ClInclude>
    <ClInclude Include="src\libs\glm\gtc\type_aligned.hpp">
      <Filter>头文件</Filter>
    </ClInclude>
    <ClInclude Include="src\libs\glm\gtc\type_precision.hpp">
      <Filter>头文件</Filter>
    </ClInclude>
    <ClInclude Include="src\libs\glm\gtc\type_ptr.hpp">
      <Filter>头文件</Filter>
    </ClInclude>
    <ClInclude Include="src\libs\glm\gtc\ulp.hpp">
      <Filter>头文件</Filter>
    </ClInclude>
    <ClInclude Include="src\libs\glm\gtc\vec1.hpp">
      <Filter>头文件</Filter>
    </ClInclude>
    <ClInclude Include="src\libs\glm\gtx\associated_min_max.hpp">
      <Filter>头文件</Filter>
    </ClInclude>
    <ClInclude Include="src\libs\glm\gtx\bit.hpp">
      <Filter>头文件</Filter>
    </ClInclude>
    <ClInclude Include="src\libs\glm\gtx\closest_point.hpp">
      <Filter>头文件</Filter>
    </ClInclude>
    <ClInclude Include="src\libs\glm\gtx\color_encoding.hpp">
      <Filter>头文件</Filter>
    </ClInclude>
    <ClInclude Include="src\libs\glm\gtx\color_space.hpp">
      <Filter>头文件</Filter>
    </ClInclude>
    <ClInclude Include="src\libs\glm\gtx\color_space_YCoCg.hpp">
      <Filter>头文件</Filter>
    </ClInclude>
    <ClInclude Include="src\libs\glm\gtx\common.hpp">
      <Filter>头文件</Filter>
    </ClInclude>
    <ClInclude Include="src\libs\glm\gtx\compatibility.hpp">
      <Filter>头文件</Filter>
    </ClInclude>
    <ClInclude Include="src\libs\glm\gtx\component_wise.hpp">
      <Filter>头文件</Filter>
    </ClInclude>
    <ClInclude Include="src\libs\glm\gtx\dual_quaternion.hpp">
      <Filter>头文件</Filter>
    </ClInclude>
    <ClInclude Include="src\libs\glm\gtx\euler_angles.hpp">
      <Filter>头文件</Filter>
    </ClInclude>
    <ClInclude Include="src\libs\glm\gtx\extend.hpp">
      <Filter>头文件</Filter>
    </ClInclude>
    <ClInclude Include="src\libs\glm\gtx\extended_min_max.hpp">
      <Filter>头文件</Filter>
    </ClInclude>
    <ClInclude Include="src\libs\glm\gtx\exterior_product.hpp">
      <Filter>头文件</Filter>
    </ClInclude>
    <ClInclude Include="src\libs\glm\gtx\fast_exponential.hpp">
      <Filter>头文件</Filter>
    </ClInclude>
    <ClInclude Include="src\libs\glm\gtx\fast_square_root.hpp">
      <Filter>头文件</Filter>
    </ClInclude>
    <ClInclude Include="src\libs\glm\gtx\fast_trigonometry.hpp">
      <Filter>头文件</Filter>
    </ClInclude>
    <ClInclude Include="src\libs\glm\gtx\functions.hpp">
      <Filter>头文件</Filter>
    </ClInclude>
    <ClInclude Include="src\libs\glm\gtx\gradient_paint.hpp">
      <Filter>头文件</Filter>
    </ClInclude>
    <ClInclude Include="src\libs\glm\gtx\handed_coordinate_space.hpp">
      <Filter>头文件</Filter>
    </ClInclude>
    <ClInclude Include="src\libs\glm\gtx\hash.hpp">
      <Filter>头文件</Filter>
    </ClInclude>
    <ClInclude Include="src\libs\glm\gtx\integer.hpp">
      <Filter>头文件</Filter>
    </ClInclude>
    <ClInclude Include="src\libs\glm\gtx\intersect.hpp">
      <Filter>头文件</Filter>
    </ClInclude>
    <ClInclude Include="src\libs\glm\gtx\io.hpp">
      <Filter>头文件</Filter>
    </ClInclude>
    <ClInclude Include="src\libs\glm\gtx\log_base.hpp">
      <Filter>头文件</Filter>
    </ClInclude>
    <ClInclude Include="src\libs\glm\gtx\matrix_cross_product.hpp">
      <Filter>头文件</Filter>
    </ClInclude>
    <ClInclude Include="src\libs\glm\gtx\matrix_decompose.hpp">
      <Filter>头文件</Filter>
    </ClInclude>
    <ClInclude Include="src\libs\glm\gtx\matrix_factorisation.hpp">
      <Filter>头文件</Filter>
    </ClInclude>
    <ClInclude Include="src\libs\glm\gtx\matrix_interpolation.hpp">
      <Filter>头文件</Filter>
    </ClInclude>
    <ClInclude Include="src\libs\glm\gtx\matrix_major_storage.hpp">
      <Filter>头文件</Filter>
    </ClInclude>
    <ClInclude Include="src\libs\glm\gtx\matrix_operation.hpp">
      <Filter>头文件</Filter>
    </ClInclude>
    <ClInclude Include="src\libs\glm\gtx\matrix_query.hpp">
      <Filter>头文件</Filter>
    </ClInclude>
    <ClInclude Include="src\libs\glm\gtx\matrix_transform_2d.hpp">
      <Filter>头文件</Filter>
    </ClInclude>
    <ClInclude Include="src\libs\glm\gtx\mixed_product.hpp">
      <Filter>头文件</Filter>
    </ClInclude>
    <ClInclude Include="src\libs\glm\gtx\norm.hpp">
      <Filter>头文件</Filter>
    </ClInclude>
    <ClInclude Include="src\libs\glm\gtx\normal.hpp">
      <Filter>头文件</Filter>
    </ClInclude>
    <ClInclude Include="src\libs\glm\gtx\normalize_dot.hpp">
      <Filter>头文件</Filter>
    </ClInclude>
    <ClInclude Include="src\libs\glm\gtx\number_precision.hpp">
      <Filter>头文件</Filter>
    </ClInclude>
    <ClInclude Include="src\libs\glm\gtx\optimum_pow.hpp">
      <Filter>头文件</Filter>
    </ClInclude>
    <ClInclude Include="src\libs\glm\gtx\orthonormalize.hpp">
      <Filter>头文件</Filter>
    </ClInclude>
    <ClInclude Include="src\libs\glm\gtx\perpendicular.hpp">
      <Filter>头文件</Filter>
    </ClInclude>
    <ClInclude Include="src\libs\glm\gtx\polar_coordinates.hpp">
      <Filter>头文件</Filter>
    </ClInclude>
    <ClInclude Include="src\libs\glm\gtx\projection.hpp">
      <Filter>头文件</Filter>
    </ClInclude>
    <ClInclude Include="src\libs\glm\gtx\quaternion.hpp">
      <Filter>头文件</Filter>
    </ClInclude>
    <ClInclude Include="src\libs\glm\gtx\range.hpp">
      <Filter>头文件</Filter>
    </ClInclude>
    <ClInclude Include="src\libs\glm\gtx\raw_data.hpp">
      <Filter>头文件</Filter>
    </ClInclude>
    <ClInclude Include="src\libs\glm\gtx\rotate_normalized_axis.hpp">
      <Filter>头文件</Filter>
    </ClInclude>
    <ClInclude Include="src\libs\glm\gtx\rotate_vector.hpp">
      <Filter>头文件</Filter>
    </ClInclude>
    <ClInclude Include="src\libs\glm\gtx\scalar_multiplication.hpp">
      <Filter>头文件</Filter>
    </ClInclude>
    <ClInclude Include="src\libs\glm\gtx\scalar_relational.hpp">
      <Filter>头文件</Filter>
    </ClInclude>
    <ClInclude Include="src\libs\glm\gtx\spline.hpp">
      <Filter>头文件</Filter>
    </ClInclude>
    <ClInclude Include="src\libs\glm\gtx\std_based_type.hpp">
      <Filter>头文件</Filter>
    </ClInclude>
    <ClInclude Include="src\libs\glm\gtx\string_cast.hpp">
      <Filter>头文件</Filter>
    </ClInclude>
    <ClInclude Include="src\libs\glm\gtx\texture.hpp">
      <Filter>头文件</Filter>
    </ClInclude>
    <ClInclude Include="src\libs\glm\gtx\transform.hpp">
      <Filter>头文件</Filter>
    </ClInclude>
    <ClInclude Include="src\libs\glm\gtx\transform2.hpp">
      <Filter>头文件</Filter>
    </ClInclude>
    <ClInclude Include="src\libs\glm\gtx\type_aligned.hpp">
      <Filter>头文件</Filter>
    </ClInclude>
    <ClInclude Include="src\libs\glm\gtx\type_trait.hpp">
      <Filter>头文件</Filter>
    </ClInclude>
    <ClInclude Include="src\libs\glm\gtx\vec_swizzle.hpp">
      <Filter>头文件</Filter>
    </ClInclude>
    <ClInclude Include="src\libs\glm\gtx\vector_angle.hpp">
      <Filter>头文件</Filter>
    </ClInclude>
    <ClInclude Include="src\libs\glm\gtx\vector_query.hpp">
      <Filter>头文件</Filter>
    </ClInclude>
    <ClInclude Include="src\libs\glm\gtx\wrap.hpp">
      <Filter>头文件</Filter>
    </ClInclude>
    <ClInclude Include="src\libs\glm\simd\common.h">
      <Filter>头文件</Filter>
    </ClInclude>
    <ClInclude Include="src\libs\glm\simd\exponential.h">
      <Filter>头文件</Filter>
    </ClInclude>
    <ClInclude Include="src\libs\glm\simd\geometric.h">
      <Filter>头文件</Filter>
    </ClInclude>
    <ClInclude Include="src\libs\glm\simd\integer.h">
      <Filter>头文件</Filter>
    </ClInclude>
    <ClInclude Include="src\libs\glm\simd\matrix.h">
      <Filter>头文件</Filter>
    </ClInclude>
    <ClInclude Include="src\libs\glm\simd\packing.h">
      <Filter>头文件</Filter>
    </ClInclude>
    <ClInclude Include="src\libs\glm\simd\platform.h">
      <Filter>头文件</Filter>
    </ClInclude>
    <ClInclude Include="src\libs\glm\simd\trigonometric.h">
      <Filter>头文件</Filter>
    </ClInclude>
    <ClInclude Include="src\libs\glm\simd\vector_relational.h">
      <Filter>头文件</Filter>
    </ClInclude>
    <ClInclude Include="src\libs\glm\common.hpp">
      <Filter>头文件</Filter>
    </ClInclude>
    <ClInclude Include="src\libs\glm\exponential.hpp">
      <Filter>头文件</Filter>
    </ClInclude>
    <ClInclude Include="src\libs\glm\ext.hpp">
      <Filter>头文件</Filter>
    </ClInclude>
    <ClInclude Include="src\libs\glm\fwd.hpp">
      <Filter>头文件</Filter>
    </ClInclude>
    <ClInclude Include="src\libs\glm\geometric.hpp">
      <Filter>头文件</Filter>
    </ClInclude>
    <ClInclude Include="src\libs\glm\glm.hpp">
      <Filter>头文件</Filter>
    </ClInclude>
    <ClInclude Include="src\libs\glm\integer.hpp">
      <Filter>头文件</Filter>
    </ClInclude>
    <ClInclude Include="src\libs\glm\mat2x2.hpp">
      <Filter>头文件</Filter>
    </ClInclude>
    <ClInclude Include="src\libs\glm\mat2x3.hpp">
      <Filter>头文件</Filter>
    </ClInclude>
    <ClInclude Include="src\libs\glm\mat2x4.hpp">
      <Filter>头文件</Filter>
    </ClInclude>
    <ClInclude Include="src\libs\glm\mat3x2.hpp">
      <Filter>头文件</Filter>
    </ClInclude>
    <ClInclude Include="src\libs\glm\mat3x3.hpp">
      <Filter>头文件</Filter>
    </ClInclude>
    <ClInclude Include="src\libs\glm\mat3x4.hpp">
      <Filter>头文件</Filter>
    </ClInclude>
    <ClInclude Include="src\libs\glm\mat4x2.hpp">
      <Filter>头文件</Filter>
    </ClInclude>
    <ClInclude Include="src\libs\glm\mat4x3.hpp">
      <Filter>头文件</Filter>
    </ClInclude>
    <ClInclude Include="src\libs\glm\mat4x4.hpp">
      <Filter>头文件</Filter>
    </ClInclude>
    <ClInclude Include="src\libs\glm\matrix.hpp">
      <Filter>头文件</Filter>
    </ClInclude>
    <ClInclude Include="src\libs\glm\packing.hpp">
      <Filter>头文件</Filter>
    </ClInclude>
    <ClInclude Include="src\libs\glm\trigonometric.hpp">
      <Filter>头文件</Filter>
    </ClInclude>
    <ClInclude Include="src\libs\glm\vec2.hpp">
      <Filter>头文件</Filter>
    </ClInclude>
    <ClInclude Include="src\libs\glm\vec3.hpp">
      <Filter>头文件</Filter>
    </ClInclude>
    <ClInclude Include="src\libs\glm\vec4.hpp">
      <Filter>头文件</Filter>
    </ClInclude>
    <ClInclude Include="src\libs\glm\vector_relational.hpp">
      <Filter>头文件</Filter>
    </ClInclude>
    <ClInclude Include="src\Window.h">
      <Filter>头文件</Filter>
    </ClInclude>
    <ClInclude Include="src\Header.h">
      <Filter>头文件</Filter>
    </ClInclude>
    <ClInclude Include="src\Camera.h">
      <Filter>头文件</Filter>
    </ClInclude>
  </ItemGroup>
  <ItemGroup>
    <None Include="src\libs\glm\detail\func_common.inl">
      <Filter>头文件</Filter>
    </None>
    <None Include="src\libs\glm\detail\func_common_simd.inl">
      <Filter>头文件</Filter>
    </None>
    <None Include="src\libs\glm\detail\func_exponential.inl">
      <Filter>头文件</Filter>
    </None>
    <None Include="src\libs\glm\detail\func_exponential_simd.inl">
      <Filter>头文件</Filter>
    </None>
    <None Include="src\libs\glm\detail\func_geometric.inl">
      <Filter>头文件</Filter>
    </None>
    <None Include="src\libs\glm\detail\func_geometric_simd.inl">
      <Filter>头文件</Filter>
    </None>
    <None Include="src\libs\glm\detail\func_integer.inl">
      <Filter>头文件</Filter>
    </None>
    <None Include="src\libs\glm\detail\func_integer_simd.inl">
      <Filter>头文件</Filter>
    </None>
    <None Include="src\libs\glm\detail\func_matrix.inl">
      <Filter>头文件</Filter>
    </None>
    <None Include="src\libs\glm\detail\func_matrix_simd.inl">
      <Filter>头文件</Filter>
    </None>
    <None Include="src\libs\glm\detail\func_packing.inl">
      <Filter>头文件</Filter>
    </None>
    <None Include="src\libs\glm\detail\func_packing_simd.inl">
      <Filter>头文件</Filter>
    </None>
    <None Include="src\libs\glm\detail\func_trigonometric.inl">
      <Filter>头文件</Filter>
    </None>
    <None Include="src\libs\glm\detail\func_trigonometric_simd.inl">
      <Filter>头文件</Filter>
    </None>
    <None Include="src\libs\glm\detail\func_vector_relational.inl">
      <Filter>头文件</Filter>
    </None>
    <None Include="src\libs\glm\detail\func_vector_relational_simd.inl">
      <Filter>头文件</Filter>
    </None>
    <None Include="src\libs\glm\detail\type_gentype.inl">
      <Filter>头文件</Filter>
    </None>
    <None Include="src\libs\glm\detail\type_half.inl">
      <Filter>头文件</Filter>
    </None>
    <None Include="src\libs\glm\detail\type_mat.inl">
      <Filter>头文件</Filter>
    </None>
    <None Include="src\libs\glm\detail\type_mat2x2.inl">
      <Filter>头文件</Filter>
    </None>
    <None Include="src\libs\glm\detail\type_mat2x3.inl">
      <Filter>头文件</Filter>
    </None>
    <None Include="src\libs\glm\detail\type_mat2x4.inl">
      <Filter>头文件</Filter>
    </None>
    <None Include="src\libs\glm\detail\type_mat3x2.inl">
      <Filter>头文件</Filter>
    </None>
    <None Include="src\libs\glm\detail\type_mat3x3.inl">
      <Filter>头文件</Filter>
    </None>
    <None Include="src\libs\glm\detail\type_mat3x4.inl">
      <Filter>头文件</Filter>
    </None>
    <None Include="src\libs\glm\detail\type_mat4x2.inl">
      <Filter>头文件</Filter>
    </None>
    <None Include="src\libs\glm\detail\type_mat4x3.inl">
      <Filter>头文件</Filter>
    </None>
    <None Include="src\libs\glm\detail\type_mat4x4.inl">
      <Filter>头文件</Filter>
    </None>
    <None Include="src\libs\glm\detail\type_mat4x4_simd.inl">
      <Filter>头文件</Filter>
    </None>
    <None Include="src\libs\glm\detail\type_vec.inl">
      <Filter>头文件</Filter>
    </None>
    <None Include="src\libs\glm\detail\type_vec1.inl">
      <Filter>头文件</Filter>
    </None>
    <None Include="src\libs\glm\detail\type_vec2.inl">
      <Filter>头文件</Filter>
    </None>
    <None Include="src\libs\glm\detail\type_vec3.inl">
      <Filter>头文件</Filter>
    </None>
    <None Include="src\libs\glm\detail\type_vec4.inl">
      <Filter>头文件</Filter>
    </None>
    <None Include="src\libs\glm\detail\type_vec4_simd.inl">
      <Filter>头文件</Filter>
    </None>
    <None Include="src\libs\glm\ext\vec1.inl">
      <Filter>头文件</Filter>
    </None>
    <None Include="src\libs\glm\ext\vector_relational.inl">
      <Filter>头文件</Filter>
    </None>
    <None Include="src\libs\glm\gtc\bitfield.inl">
      <Filter>头文件</Filter>
    </None>
    <None Include="src\libs\glm\gtc\color_space.inl">
      <Filter>头文件</Filter>
    </None>
    <None Include="src\libs\glm\gtc\constants.inl">
      <Filter>头文件</Filter>
    </None>
    <None Include="src\libs\glm\gtc\epsilon.inl">
      <Filter>头文件</Filter>
    </None>
    <None Include="src\libs\glm\gtc\integer.inl">
      <Filter>头文件</Filter>
    </None>
    <None Include="src\libs\glm\gtc\matrix_access.inl">
      <Filter>头文件</Filter>
    </None>
    <None Include="src\libs\glm\gtc\matrix_inverse.inl">
      <Filter>头文件</Filter>
    </None>
    <None Include="src\libs\glm\gtc\matrix_transform.inl">
      <Filter>头文件</Filter>
    </None>
    <None Include="src\libs\glm\gtc\noise.inl">
      <Filter>头文件</Filter>
    </None>
    <None Include="src\libs\glm\gtc\packing.inl">
      <Filter>头文件</Filter>
    </None>
    <None Include="src\libs\glm\gtc\quaternion.inl">
      <Filter>头文件</Filter>
    </None>
    <None Include="src\libs\glm\gtc\quaternion_simd.inl">
      <Filter>头文件</Filter>
    </None>
    <None Include="src\libs\glm\gtc\random.inl">
      <Filter>头文件</Filter>
    </None>
    <None Include="src\libs\glm\gtc\reciprocal.inl">
      <Filter>头文件</Filter>
    </None>
    <None Include="src\libs\glm\gtc\round.inl">
      <Filter>头文件</Filter>
    </None>
    <None Include="src\libs\glm\gtc\type_precision.inl">
      <Filter>头文件</Filter>
    </None>
    <None Include="src\libs\glm\gtc\type_ptr.inl">
      <Filter>头文件</Filter>
    </None>
    <None Include="src\libs\glm\gtc\ulp.inl">
      <Filter>头文件</Filter>
    </None>
    <None Include="src\libs\glm\gtc\vec1.inl">
      <Filter>头文件</Filter>
    </None>
    <None Include="src\libs\glm\gtx\associated_min_max.inl">
      <Filter>头文件</Filter>
    </None>
    <None Include="src\libs\glm\gtx\bit.inl">
      <Filter>头文件</Filter>
    </None>
    <None Include="src\libs\glm\gtx\closest_point.inl">
      <Filter>头文件</Filter>
    </None>
    <None Include="src\libs\glm\gtx\color_encoding.inl">
      <Filter>头文件</Filter>
    </None>
    <None Include="src\libs\glm\gtx\color_space.inl">
      <Filter>头文件</Filter>
    </None>
    <None Include="src\libs\glm\gtx\color_space_YCoCg.inl">
      <Filter>头文件</Filter>
    </None>
    <None Include="src\libs\glm\gtx\common.inl">
      <Filter>头文件</Filter>
    </None>
    <None Include="src\libs\glm\gtx\compatibility.inl">
      <Filter>头文件</Filter>
    </None>
    <None Include="src\libs\glm\gtx\component_wise.inl">
      <Filter>头文件</Filter>
    </None>
    <None Include="src\libs\glm\gtx\dual_quaternion.inl">
      <Filter>头文件</Filter>
    </None>
    <None Include="src\libs\glm\gtx\euler_angles.inl">
      <Filter>头文件</Filter>
    </None>
    <None Include="src\libs\glm\gtx\extend.inl">
      <Filter>头文件</Filter>
    </None>
    <None Include="src\libs\glm\gtx\extended_min_max.inl">
      <Filter>头文件</Filter>
    </None>
    <None Include="src\libs\glm\gtx\exterior_product.inl">
      <Filter>头文件</Filter>
    </None>
    <None Include="src\libs\glm\gtx\fast_exponential.inl">
      <Filter>头文件</Filter>
    </None>
    <None Include="src\libs\glm\gtx\fast_square_root.inl">
      <Filter>头文件</Filter>
    </None>
    <None Include="src\libs\glm\gtx\fast_trigonometry.inl">
      <Filter>头文件</Filter>
    </None>
    <None Include="src\libs\glm\gtx\float_notmalize.inl">
      <Filter>头文件</Filter>
    </None>
    <None Include="src\libs\glm\gtx\functions.inl">
      <Filter>头文件</Filter>
    </None>
    <None Include="src\libs\glm\gtx\gradient_paint.inl">
      <Filter>头文件</Filter>
    </None>
    <None Include="src\libs\glm\gtx\handed_coordinate_space.inl">
      <Filter>头文件</Filter>
    </None>
    <None Include="src\libs\glm\gtx\hash.inl">
      <Filter>头文件</Filter>
    </None>
    <None Include="src\libs\glm\gtx\integer.inl">
      <Filter>头文件</Filter>
    </None>
    <None Include="src\libs\glm\gtx\intersect.inl">
      <Filter>头文件</Filter>
    </None>
    <None Include="src\libs\glm\gtx\io.inl">
      <Filter>头文件</Filter>
    </None>
    <None Include="src\libs\glm\gtx\log_base.inl">
      <Filter>头文件</Filter>
    </None>
    <None Include="src\libs\glm\gtx\matrix_cross_product.inl">
      <Filter>头文件</Filter>
    </None>
    <None Include="src\libs\glm\gtx\matrix_decompose.inl">
      <Filter>头文件</Filter>
    </None>
    <None Include="src\libs\glm\gtx\matrix_factorisation.inl">
      <Filter>头文件</Filter>
    </None>
    <None Include="src\libs\glm\gtx\matrix_interpolation.inl">
      <Filter>头文件</Filter>
    </None>
    <None Include="src\libs\glm\gtx\matrix_major_storage.inl">
      <Filter>头文件</Filter>
    </None>
    <None Include="src\libs\glm\gtx\matrix_operation.inl">
      <Filter>头文件</Filter>
    </None>
    <None Include="src\libs\glm\gtx\matrix_query.inl">
      <Filter>头文件</Filter>
    </None>
    <None Include="src\libs\glm\gtx\matrix_transform_2d.inl">
      <Filter>头文件</Filter>
    </None>
    <None Include="src\libs\glm\gtx\mixed_product.inl">
      <Filter>头文件</Filter>
    </None>
    <None Include="src\libs\glm\gtx\norm.inl">
      <Filter>头文件</Filter>
    </None>
    <None Include="src\libs\glm\gtx\normal.inl">
      <Filter>头文件</Filter>
    </None>
    <None Include="src\libs\glm\gtx\normalize_dot.inl">
      <Filter>头文件</Filter>
    </None>
    <None Include="src\libs\glm\gtx\number_precision.inl">
      <Filter>头文件</Filter>
    </None>
    <None Include="src\libs\glm\gtx\optimum_pow.inl">
      <Filter>头文件</Filter>
    </None>
    <None Include="src\libs\glm\gtx\orthonormalize.inl">
      <Filter>头文件</Filter>
    </None>
    <None Include="src\libs\glm\gtx\perpendicular.inl">
      <Filter>头文件</Filter>
    </None>
    <None Include="src\libs\glm\gtx\polar_coordinates.inl">
      <Filter>头文件</Filter>
    </None>
    <None Include="src\libs\glm\gtx\projection.inl">
      <Filter>头文件</Filter>
    </None>
    <None Include="src\libs\glm\gtx\quaternion.inl">
      <Filter>头文件</Filter>
    </None>
    <None Include="src\libs\glm\gtx\raw_data.inl">
      <Filter>头文件</Filter>
    </None>
    <None Include="src\libs\glm\gtx\rotate_normalized_axis.inl">
      <Filter>头文件</Filter>
    </None>
    <None Include="src\libs\glm\gtx\rotate_vector.inl">
      <Filter>头文件</Filter>
    </None>
    <None Include="src\libs\glm\gtx\scalar_relational.inl">
      <Filter>头文件</Filter>
    </None>
    <None Include="src\libs\glm\gtx\spline.inl">
      <Filter>头文件</Filter>
    </None>
    <None Include="src\libs\glm\gtx\std_based_type.inl">
      <Filter>头文件</Filter>
    </None>
    <None Include="src\libs\glm\gtx\string_cast.inl">
      <Filter>头文件</Filter>
    </None>
    <None Include="src\libs\glm\gtx\texture.inl">
      <Filter>头文件</Filter>
    </None>
    <None Include="src\libs\glm\gtx\transform.inl">
      <Filter>头文件</Filter>
    </None>
    <None Include="src\libs\glm\gtx\transform2.inl">
      <Filter>头文件</Filter>
    </None>
    <None Include="src\libs\glm\gtx\type_aligned.inl">
      <Filter>头文件</Filter>
    </None>
    <None Include="src\libs\glm\gtx\type_trait.inl">
      <Filter>头文件</Filter>
    </None>
    <None Include="src\libs\glm\gtx\vector_angle.inl">
      <Filter>头文件</Filter>
    </None>
    <None Include="src\libs\glm\gtx\vector_query.inl">
      <Filter>头文件</Filter>
    </None>
    <None Include="src\libs\glm\gtx\wrap.inl">
      <Filter>头文件</Filter>
    </None>
    <None Include="res\shaders\basic.shader" />
    <None Include="res\shaders\texture.shader" />
    <None Include="src\test\test2\test2.shader" />
    <None Include="src\test\test3\test3.shader" />
    <None Include="src\test\test4\test4.shader" />
    <None Include="src\test\test5\test5.shader" />
  </ItemGroup>
  <ItemGroup>
    <Image Include="res\textures\hello.png">
      <Filter>资源文件</Filter>
    </Image>
  </ItemGroup>
</Project>